// !$*UTF8*$!
{
	archiveVersion = 1;
	classes = {
	};
	objectVersion = 55;
	objects = {

/* Begin PBXBuildFile section */
		D4264F0627B88191009A8C8E /* WebToolBarView.swift in Sources */ = {isa = PBXBuildFile; fileRef = D4264F0527B88191009A8C8E /* WebToolBarView.swift */; };
		D455587427B7A2910077F6BC /* MonitoringPageLoadsApp.swift in Sources */ = {isa = PBXBuildFile; fileRef = D455587327B7A2910077F6BC /* MonitoringPageLoadsApp.swift */; };
		D455587627B7A2910077F6BC /* ContentView.swift in Sources */ = {isa = PBXBuildFile; fileRef = D455587527B7A2910077F6BC /* ContentView.swift */; };
		D455587827B7A2930077F6BC /* Assets.xcassets in Resources */ = {isa = PBXBuildFile; fileRef = D455587727B7A2930077F6BC /* Assets.xcassets */; };
		D455587B27B7A2930077F6BC /* Preview Assets.xcassets in Resources */ = {isa = PBXBuildFile; fileRef = D455587A27B7A2930077F6BC /* Preview Assets.xcassets */; };
		D455588327B7A3660077F6BC /* WebView.swift in Sources */ = {isa = PBXBuildFile; fileRef = D455588227B7A3660077F6BC /* WebView.swift */; };
		D455588527B7A40A0077F6BC /* WebViewModel.swift in Sources */ = {isa = PBXBuildFile; fileRef = D455588427B7A40A0077F6BC /* WebViewModel.swift */; };
		D4F00C2B27B8D8CD00FB1618 /* WebBaseView.swift in Sources */ = {isa = PBXBuildFile; fileRef = D4F00C2A27B8D8CD00FB1618 /* WebBaseView.swift */; };
/* End PBXBuildFile section */

/* Begin PBXFileReference section */
		D4264F0527B88191009A8C8E /* WebToolBarView.swift */ = {isa = PBXFileReference; lastKnownFileType = sourcecode.swift; path = WebToolBarView.swift; sourceTree = "<group>"; };
		D455587027B7A2910077F6BC /* MonitoringPageLoads.app */ = {isa = PBXFileReference; explicitFileType = wrapper.application; includeInIndex = 0; path = MonitoringPageLoads.app; sourceTree = BUILT_PRODUCTS_DIR; };
		D455587327B7A2910077F6BC /* MonitoringPageLoadsApp.swift */ = {isa = PBXFileReference; lastKnownFileType = sourcecode.swift; path = MonitoringPageLoadsApp.swift; sourceTree = "<group>"; };
		D455587527B7A2910077F6BC /* ContentView.swift */ = {isa = PBXFileReference; lastKnownFileType = sourcecode.swift; path = ContentView.swift; sourceTree = "<group>"; };
		D455587727B7A2930077F6BC /* Assets.xcassets */ = {isa = PBXFileReference; lastKnownFileType = folder.assetcatalog; path = Assets.xcassets; sourceTree = "<group>"; };
		D455587A27B7A2930077F6BC /* Preview Assets.xcassets */ = {isa = PBXFileReference; lastKnownFileType = folder.assetcatalog; path = "Preview Assets.xcassets"; sourceTree = "<group>"; };
		D455588227B7A3660077F6BC /* WebView.swift */ = {isa = PBXFileReference; lastKnownFileType = sourcecode.swift; path = WebView.swift; sourceTree = "<group>"; };
		D455588427B7A40A0077F6BC /* WebViewModel.swift */ = {isa = PBXFileReference; lastKnownFileType = sourcecode.swift; path = WebViewModel.swift; sourceTree = "<group>"; };
		D4F00C2A27B8D8CD00FB1618 /* WebBaseView.swift */ = {isa = PBXFileReference; lastKnownFileType = sourcecode.swift; path = WebBaseView.swift; sourceTree = "<group>"; };
/* End PBXFileReference section */

/* Begin PBXFrameworksBuildPhase section */
		D455586D27B7A2910077F6BC /* Frameworks */ = {
			isa = PBXFrameworksBuildPhase;
			buildActionMask = 2147483647;
			files = (
			);
			runOnlyForDeploymentPostprocessing = 0;
		};
/* End PBXFrameworksBuildPhase section */

/* Begin PBXGroup section */
		D455586727B7A2910077F6BC = {
			isa = PBXGroup;
			children = (
				D455587227B7A2910077F6BC /* MonitoringPageLoads */,
				D455587127B7A2910077F6BC /* Products */,
			);
			sourceTree = "<group>";
		};
		D455587127B7A2910077F6BC /* Products */ = {
			isa = PBXGroup;
			children = (
				D455587027B7A2910077F6BC /* MonitoringPageLoads.app */,
			);
			name = Products;
			sourceTree = "<group>";
		};
		D455587227B7A2910077F6BC /* MonitoringPageLoads */ = {
			isa = PBXGroup;
			children = (
				D455588127B7A3520077F6BC /* WebView */,
				D455587327B7A2910077F6BC /* MonitoringPageLoadsApp.swift */,
				D455587527B7A2910077F6BC /* ContentView.swift */,
				D455587727B7A2930077F6BC /* Assets.xcassets */,
				D455587927B7A2930077F6BC /* Preview Content */,
			);
			path = MonitoringPageLoads;
			sourceTree = "<group>";
		};
		D455587927B7A2930077F6BC /* Preview Content */ = {
			isa = PBXGroup;
			children = (
				D455587A27B7A2930077F6BC /* Preview Assets.xcassets */,
			);
			path = "Preview Content";
			sourceTree = "<group>";
		};
		D455588127B7A3520077F6BC /* WebView */ = {
			isa = PBXGroup;
			children = (
				D455588227B7A3660077F6BC /* WebView.swift */,
				D455588427B7A40A0077F6BC /* WebViewModel.swift */,
				D4264F0527B88191009A8C8E /* WebToolBarView.swift */,
				D4F00C2A27B8D8CD00FB1618 /* WebBaseView.swift */,
			);
			path = WebView;
			sourceTree = "<group>";
		};
/* End PBXGroup section */

/* Begin PBXNativeTarget section */
		D455586F27B7A2910077F6BC /* MonitoringPageLoads */ = {
			isa = PBXNativeTarget;
			buildConfigurationList = D455587E27B7A2930077F6BC /* Build configuration list for PBXNativeTarget "MonitoringPageLoads" */;
			buildPhases = (
				D455586C27B7A2910077F6BC /* Sources */,
				D455586D27B7A2910077F6BC /* Frameworks */,
				D455586E27B7A2910077F6BC /* Resources */,
			);
			buildRules = (
			);
			dependencies = (
			);
			name = MonitoringPageLoads;
			productName = MonitoringPageLoads;
			productReference = D455587027B7A2910077F6BC /* MonitoringPageLoads.app */;
			productType = "com.apple.product-type.application";
		};
/* End PBXNativeTarget section */

/* Begin PBXProject section */
		D455586827B7A2910077F6BC /* Project object */ = {
			isa = PBXProject;
			attributes = {
				BuildIndependentTargetsInParallel = 1;
				LastSwiftUpdateCheck = 1310;
				LastUpgradeCheck = 1310;
				TargetAttributes = {
					D455586F27B7A2910077F6BC = {
						CreatedOnToolsVersion = 13.1;
					};
				};
			};
			buildConfigurationList = D455586B27B7A2910077F6BC /* Build configuration list for PBXProject "MonitoringPageLoads" */;
			compatibilityVersion = "Xcode 13.0";
			developmentRegion = en;
			hasScannedForEncodings = 0;
			knownRegions = (
				en,
				Base,
			);
			mainGroup = D455586727B7A2910077F6BC;
			productRefGroup = D455587127B7A2910077F6BC /* Products */;
			projectDirPath = "";
			projectRoot = "";
			targets = (
				D455586F27B7A2910077F6BC /* MonitoringPageLoads */,
			);
		};
/* End PBXProject section */

/* Begin PBXResourcesBuildPhase section */
		D455586E27B7A2910077F6BC /* Resources */ = {
			isa = PBXResourcesBuildPhase;
			buildActionMask = 2147483647;
			files = (
				D455587B27B7A2930077F6BC /* Preview Assets.xcassets in Resources */,
				D455587827B7A2930077F6BC /* Assets.xcassets in Resources */,
			);
			runOnlyForDeploymentPostprocessing = 0;
		};
/* End PBXResourcesBuildPhase section */

/* Begin PBXSourcesBuildPhase section */
		D455586C27B7A2910077F6BC /* Sources */ = {
			isa = PBXSourcesBuildPhase;
			buildActionMask = 2147483647;
			files = (
				D455588327B7A3660077F6BC /* WebView.swift in Sources */,
				D455587627B7A2910077F6BC /* ContentView.swift in Sources */,
				D4F00C2B27B8D8CD00FB1618 /* WebBaseView.swift in Sources */,
				D455587427B7A2910077F6BC /* MonitoringPageLoadsApp.swift in Sources */,
				D4264F0627B88191009A8C8E /* WebToolBarView.swift in Sources */,
				D455588527B7A40A0077F6BC /* WebViewModel.swift in Sources */,
			);
			runOnlyForDeploymentPostprocessing = 0;
		};
/* End PBXSourcesBuildPhase section */

/* Begin XCBuildConfiguration section */
		D455587C27B7A2930077F6BC /* Debug */ = {
			isa = XCBuildConfiguration;
			buildSettings = {
				ALWAYS_SEARCH_USER_PATHS = NO;
				CLANG_ANALYZER_NONNULL = YES;
				CLANG_ANALYZER_NUMBER_OBJECT_CONVERSION = YES_AGGRESSIVE;
				CLANG_CXX_LANGUAGE_STANDARD = "gnu++17";
				CLANG_CXX_LIBRARY = "libc++";
				CLANG_ENABLE_MODULES = YES;
				CLANG_ENABLE_OBJC_ARC = YES;
				CLANG_ENABLE_OBJC_WEAK = YES;
				CLANG_WARN_BLOCK_CAPTURE_AUTORELEASING = YES;
				CLANG_WARN_BOOL_CONVERSION = YES;
				CLANG_WARN_COMMA = YES;
				CLANG_WARN_CONSTANT_CONVERSION = YES;
				CLANG_WARN_DEPRECATED_OBJC_IMPLEMENTATIONS = YES;
				CLANG_WARN_DIRECT_OBJC_ISA_USAGE = YES_ERROR;
				CLANG_WARN_DOCUMENTATION_COMMENTS = YES;
				CLANG_WARN_EMPTY_BODY = YES;
				CLANG_WARN_ENUM_CONVERSION = YES;
				CLANG_WARN_INFINITE_RECURSION = YES;
				CLANG_WARN_INT_CONVERSION = YES;
				CLANG_WARN_NON_LITERAL_NULL_CONVERSION = YES;
				CLANG_WARN_OBJC_IMPLICIT_RETAIN_SELF = YES;
				CLANG_WARN_OBJC_LITERAL_CONVERSION = YES;
				CLANG_WARN_OBJC_ROOT_CLASS = YES_ERROR;
				CLANG_WARN_QUOTED_INCLUDE_IN_FRAMEWORK_HEADER = YES;
				CLANG_WARN_RANGE_LOOP_ANALYSIS = YES;
				CLANG_WARN_STRICT_PROTOTYPES = YES;
				CLANG_WARN_SUSPICIOUS_MOVE = YES;
				CLANG_WARN_UNGUARDED_AVAILABILITY = YES_AGGRESSIVE;
				CLANG_WARN_UNREACHABLE_CODE = YES;
				CLANG_WARN__DUPLICATE_METHOD_MATCH = YES;
				COPY_PHASE_STRIP = NO;
				DEBUG_INFORMATION_FORMAT = dwarf;
				ENABLE_STRICT_OBJC_MSGSEND = YES;
				ENABLE_TESTABILITY = YES;
				GCC_C_LANGUAGE_STANDARD = gnu11;
				GCC_DYNAMIC_NO_PIC = NO;
				GCC_NO_COMMON_BLOCKS = YES;
				GCC_OPTIMIZATION_LEVEL = 0;
				GCC_PREPROCESSOR_DEFINITIONS = (
					"DEBUG=1",
					"$(inherited)",
				);
				GCC_WARN_64_TO_32_BIT_CONVERSION = YES;
				GCC_WARN_ABOUT_RETURN_TYPE = YES_ERROR;
				GCC_WARN_UNDECLARED_SELECTOR = YES;
				GCC_WARN_UNINITIALIZED_AUTOS = YES_AGGRESSIVE;
				GCC_WARN_UNUSED_FUNCTION = YES;
				GCC_WARN_UNUSED_VARIABLE = YES;
				IPHONEOS_DEPLOYMENT_TARGET = 15.0;
				MTL_ENABLE_DEBUG_INFO = INCLUDE_SOURCE;
				MTL_FAST_MATH = YES;
				ONLY_ACTIVE_ARCH = YES;
				SDKROOT = iphoneos;
				SWIFT_ACTIVE_COMPILATION_CONDITIONS = DEBUG;
				SWIFT_OPTIMIZATION_LEVEL = "-Onone";
			};
			name = Debug;
		};
		D455587D27B7A2930077F6BC /* Release */ = {
			isa = XCBuildConfiguration;
			buildSettings = {
				ALWAYS_SEARCH_USER_PATHS = NO;
				CLANG_ANALYZER_NONNULL = YES;
				CLANG_ANALYZER_NUMBER_OBJECT_CONVERSION = YES_AGGRESSIVE;
				CLANG_CXX_LANGUAGE_STANDARD = "gnu++17";
				CLANG_CXX_LIBRARY = "libc++";
				CLANG_ENABLE_MODULES = YES;
				CLANG_ENABLE_OBJC_ARC = YES;
				CLANG_ENABLE_OBJC_WEAK = YES;
				CLANG_WARN_BLOCK_CAPTURE_AUTORELEASING = YES;
				CLANG_WARN_BOOL_CONVERSION = YES;
				CLANG_WARN_COMMA = YES;
				CLANG_WARN_CONSTANT_CONVERSION = YES;
				CLANG_WARN_DEPRECATED_OBJC_IMPLEMENTATIONS = YES;
				CLANG_WARN_DIRECT_OBJC_ISA_USAGE = YES_ERROR;
				CLANG_WARN_DOCUMENTATION_COMMENTS = YES;
				CLANG_WARN_EMPTY_BODY = YES;
				CLANG_WARN_ENUM_CONVERSION = YES;
				CLANG_WARN_INFINITE_RECURSION = YES;
				CLANG_WARN_INT_CONVERSION = YES;
				CLANG_WARN_NON_LITERAL_NULL_CONVERSION = YES;
				CLANG_WARN_OBJC_IMPLICIT_RETAIN_SELF = YES;
				CLANG_WARN_OBJC_LITERAL_CONVERSION = YES;
				CLANG_WARN_OBJC_ROOT_CLASS = YES_ERROR;
				CLANG_WARN_QUOTED_INCLUDE_IN_FRAMEWORK_HEADER = YES;
				CLANG_WARN_RANGE_LOOP_ANALYSIS = YES;
				CLANG_WARN_STRICT_PROTOTYPES = YES;
				CLANG_WARN_SUSPICIOUS_MOVE = YES;
				CLANG_WARN_UNGUARDED_AVAILABILITY = YES_AGGRESSIVE;
				CLANG_WARN_UNREACHABLE_CODE = YES;
				CLANG_WARN__DUPLICATE_METHOD_MATCH = YES;
				COPY_PHASE_STRIP = NO;
				DEBUG_INFORMATION_FORMAT = "dwarf-with-dsym";
				ENABLE_NS_ASSERTIONS = NO;
				ENABLE_STRICT_OBJC_MSGSEND = YES;
				GCC_C_LANGUAGE_STANDARD = gnu11;
				GCC_NO_COMMON_BLOCKS = YES;
				GCC_WARN_64_TO_32_BIT_CONVERSION = YES;
				GCC_WARN_ABOUT_RETURN_TYPE = YES_ERROR;
				GCC_WARN_UNDECLARED_SELECTOR = YES;
				GCC_WARN_UNINITIALIZED_AUTOS = YES_AGGRESSIVE;
				GCC_WARN_UNUSED_FUNCTION = YES;
				GCC_WARN_UNUSED_VARIABLE = YES;
				IPHONEOS_DEPLOYMENT_TARGET = 15.0;
				MTL_ENABLE_DEBUG_INFO = NO;
				MTL_FAST_MATH = YES;
				SDKROOT = iphoneos;
				SWIFT_COMPILATION_MODE = wholemodule;
				SWIFT_OPTIMIZATION_LEVEL = "-O";
				VALIDATE_PRODUCT = YES;
			};
			name = Release;
		};
		D455587F27B7A2930077F6BC /* Debug */ = {
			isa = XCBuildConfiguration;
			buildSettings = {
				ASSETCATALOG_COMPILER_APPICON_NAME = AppIcon;
				ASSETCATALOG_COMPILER_GLOBAL_ACCENT_COLOR_NAME = AccentColor;
				CODE_SIGN_STYLE = Automatic;
				CURRENT_PROJECT_VERSION = 1;
				DEVELOPMENT_ASSET_PATHS = "\"MonitoringPageLoads/Preview Content\"";
				DEVELOPMENT_TEAM = 95L82PNXV3;
				ENABLE_PREVIEWS = YES;
				GENERATE_INFOPLIST_FILE = YES;
				INFOPLIST_KEY_UIApplicationSceneManifest_Generation = YES;
				INFOPLIST_KEY_UIApplicationSupportsIndirectInputEvents = YES;
				INFOPLIST_KEY_UILaunchScreen_Generation = YES;
				INFOPLIST_KEY_UISupportedInterfaceOrientations_iPad = "UIInterfaceOrientationPortrait UIInterfaceOrientationPortraitUpsideDown UIInterfaceOrientationLandscapeLeft UIInterfaceOrientationLandscapeRight";
				INFOPLIST_KEY_UISupportedInterfaceOrientations_iPhone = "UIInterfaceOrientationPortrait UIInterfaceOrientationLandscapeLeft UIInterfaceOrientationLandscapeRight";
				LD_RUNPATH_SEARCH_PATHS = (
					"$(inherited)",
					"@executable_path/Frameworks",
				);
				MARKETING_VERSION = 1.0;
				PRODUCT_BUNDLE_IDENTIFIER = jp.kamimi01.MonitoringPageLoads;
				PRODUCT_NAME = "$(TARGET_NAME)";
				SWIFT_EMIT_LOC_STRINGS = YES;
				SWIFT_VERSION = 5.0;
				TARGETED_DEVICE_FAMILY = "1,2";
			};
			name = Debug;
		};
		D455588027B7A2930077F6BC /* Release */ = {
			isa = XCBuildConfiguration;
			buildSettings = {
				ASSETCATALOG_COMPILER_APPICON_NAME = AppIcon;
				ASSETCATALOG_COMPILER_GLOBAL_ACCENT_COLOR_NAME = AccentColor;
				CODE_SIGN_STYLE = Automatic;
				CURRENT_PROJECT_VERSION = 1;
				DEVELOPMENT_ASSET_PATHS = "\"MonitoringPageLoads/Preview Content\"";
				DEVELOPMENT_TEAM = 95L82PNXV3;
				ENABLE_PREVIEWS = YES;
				GENERATE_INFOPLIST_FILE = YES;
				INFOPLIST_KEY_UIApplicationSceneManifest_Generation = YES;
				INFOPLIST_KEY_UIApplicationSupportsIndirectInputEvents = YES;
				INFOPLIST_KEY_UILaunchScreen_Generation = YES;
				INFOPLIST_KEY_UISupportedInterfaceOrientations_iPad = "UIInterfaceOrientationPortrait UIInterfaceOrientationPortraitUpsideDown UIInterfaceOrientationLandscapeLeft UIInterfaceOrientationLandscapeRight";
				INFOPLIST_KEY_UISupportedInterfaceOrientations_iPhone = "UIInterfaceOrientationPortrait UIInterfaceOrientationLandscapeLeft UIInterfaceOrientationLandscapeRight";
				LD_RUNPATH_SEARCH_PATHS = (
					"$(inherited)",
					"@executable_path/Frameworks",
				);
				MARKETING_VERSION = 1.0;
				PRODUCT_BUNDLE_IDENTIFIER = jp.kamimi01.MonitoringPageLoads;
				PRODUCT_NAME = "$(TARGET_NAME)";
				SWIFT_EMIT_LOC_STRINGS = YES;
				SWIFT_VERSION = 5.0;
				TARGETED_DEVICE_FAMILY = "1,2";
			};
			name = Release;
		};
/* End XCBuildConfiguration section */

/* Begin XCConfigurationList section */
		D455586B27B7A2910077F6BC /* Build configuration list for PBXProject "MonitoringPageLoads" */ = {
			isa = XCConfigurationList;
			buildConfigurations = (
				D455587C27B7A2930077F6BC /* Debug */,
				D455587D27B7A2930077F6BC /* Release */,
			);
			defaultConfigurationIsVisible = 0;
			defaultConfigurationName = Release;
		};
		D455587E27B7A2930077F6BC /* Build configuration list for PBXNativeTarget "MonitoringPageLoads" */ = {
			isa = XCConfigurationList;
			buildConfigurations = (
				D455587F27B7A2930077F6BC /* Debug */,
				D455588027B7A2930077F6BC /* Release */,
			);
			defaultConfigurationIsVisible = 0;
			defaultConfigurationName = Release;
		};
/* End XCConfigurationList section */
	};
	rootObject = D455586827B7A2910077F6BC /* Project object */;
}
