// !$*UTF8*$!
{
	archiveVersion = 1;
	classes = {
	};
	objectVersion = 55;
	objects = {

/* Begin PBXBuildFile section */
		D40CCB5027CA0B0200C7BE41 /* ToolBarModifier.swift in Sources */ = {isa = PBXBuildFile; fileRef = D40CCB4F27CA0B0200C7BE41 /* ToolBarModifier.swift */; };
		D4647F0627CA297A00A847A6 /* VisitHistoryView.swift in Sources */ = {isa = PBXBuildFile; fileRef = D4647F0527CA297A00A847A6 /* VisitHistoryView.swift */; };
		D4D079A127C66A2200DB8EEF /* ReadingPagesTheUserHasVisitedApp.swift in Sources */ = {isa = PBXBuildFile; fileRef = D4D079A027C66A2200DB8EEF /* ReadingPagesTheUserHasVisitedApp.swift */; };
		D4D079A327C66A2200DB8EEF /* ContentView.swift in Sources */ = {isa = PBXBuildFile; fileRef = D4D079A227C66A2200DB8EEF /* ContentView.swift */; };
		D4D079A527C66A2600DB8EEF /* Assets.xcassets in Resources */ = {isa = PBXBuildFile; fileRef = D4D079A427C66A2600DB8EEF /* Assets.xcassets */; };
		D4D079A827C66A2600DB8EEF /* Preview Assets.xcassets in Resources */ = {isa = PBXBuildFile; fileRef = D4D079A727C66A2600DB8EEF /* Preview Assets.xcassets */; };
		D4D079AF27C66AB200DB8EEF /* WebBaseView.swift in Sources */ = {isa = PBXBuildFile; fileRef = D4D079AE27C66AB200DB8EEF /* WebBaseView.swift */; };
		D4D079B227C66B3300DB8EEF /* WebView.swift in Sources */ = {isa = PBXBuildFile; fileRef = D4D079B127C66B3300DB8EEF /* WebView.swift */; };
/* End PBXBuildFile section */

/* Begin PBXFileReference section */
		D40CCB4F27CA0B0200C7BE41 /* ToolBarModifier.swift */ = {isa = PBXFileReference; lastKnownFileType = sourcecode.swift; path = ToolBarModifier.swift; sourceTree = "<group>"; };
		D4647F0527CA297A00A847A6 /* VisitHistoryView.swift */ = {isa = PBXFileReference; lastKnownFileType = sourcecode.swift; path = VisitHistoryView.swift; sourceTree = "<group>"; };
		D4D0799D27C66A2200DB8EEF /* ReadingPagesTheUserHasVisited.app */ = {isa = PBXFileReference; explicitFileType = wrapper.application; includeInIndex = 0; path = ReadingPagesTheUserHasVisited.app; sourceTree = BUILT_PRODUCTS_DIR; };
		D4D079A027C66A2200DB8EEF /* ReadingPagesTheUserHasVisitedApp.swift */ = {isa = PBXFileReference; lastKnownFileType = sourcecode.swift; path = ReadingPagesTheUserHasVisitedApp.swift; sourceTree = "<group>"; };
		D4D079A227C66A2200DB8EEF /* ContentView.swift */ = {isa = PBXFileReference; lastKnownFileType = sourcecode.swift; path = ContentView.swift; sourceTree = "<group>"; };
		D4D079A427C66A2600DB8EEF /* Assets.xcassets */ = {isa = PBXFileReference; lastKnownFileType = folder.assetcatalog; path = Assets.xcassets; sourceTree = "<group>"; };
		D4D079A727C66A2600DB8EEF /* Preview Assets.xcassets */ = {isa = PBXFileReference; lastKnownFileType = folder.assetcatalog; path = "Preview Assets.xcassets"; sourceTree = "<group>"; };
		D4D079AE27C66AB200DB8EEF /* WebBaseView.swift */ = {isa = PBXFileReference; lastKnownFileType = sourcecode.swift; path = WebBaseView.swift; sourceTree = "<group>"; };
		D4D079B127C66B3300DB8EEF /* WebView.swift */ = {isa = PBXFileReference; lastKnownFileType = sourcecode.swift; path = WebView.swift; sourceTree = "<group>"; };
/* End PBXFileReference section */

/* Begin PBXFrameworksBuildPhase section */
		D4D0799A27C66A2200DB8EEF /* Frameworks */ = {
			isa = PBXFrameworksBuildPhase;
			buildActionMask = 2147483647;
			files = (
			);
			runOnlyForDeploymentPostprocessing = 0;
		};
/* End PBXFrameworksBuildPhase section */

/* Begin PBXGroup section */
		D4D0799427C66A2200DB8EEF = {
			isa = PBXGroup;
			children = (
				D4D0799F27C66A2200DB8EEF /* ReadingPagesTheUserHasVisited */,
				D4D0799E27C66A2200DB8EEF /* Products */,
			);
			sourceTree = "<group>";
		};
		D4D0799E27C66A2200DB8EEF /* Products */ = {
			isa = PBXGroup;
			children = (
				D4D0799D27C66A2200DB8EEF /* ReadingPagesTheUserHasVisited.app */,
			);
			name = Products;
			sourceTree = "<group>";
		};
		D4D0799F27C66A2200DB8EEF /* ReadingPagesTheUserHasVisited */ = {
			isa = PBXGroup;
			children = (
				D4D079B027C66B2400DB8EEF /* WebView */,
				D4D079A027C66A2200DB8EEF /* ReadingPagesTheUserHasVisitedApp.swift */,
				D4D079A227C66A2200DB8EEF /* ContentView.swift */,
				D4D079A427C66A2600DB8EEF /* Assets.xcassets */,
				D4D079A627C66A2600DB8EEF /* Preview Content */,
			);
			path = ReadingPagesTheUserHasVisited;
			sourceTree = "<group>";
		};
		D4D079A627C66A2600DB8EEF /* Preview Content */ = {
			isa = PBXGroup;
			children = (
				D4D079A727C66A2600DB8EEF /* Preview Assets.xcassets */,
			);
			path = "Preview Content";
			sourceTree = "<group>";
		};
		D4D079B027C66B2400DB8EEF /* WebView */ = {
			isa = PBXGroup;
			children = (
				D4D079AE27C66AB200DB8EEF /* WebBaseView.swift */,
				D4D079B127C66B3300DB8EEF /* WebView.swift */,
				D40CCB4F27CA0B0200C7BE41 /* ToolBarModifier.swift */,
				D4647F0527CA297A00A847A6 /* VisitHistoryView.swift */,
			);
			path = WebView;
			sourceTree = "<group>";
		};
/* End PBXGroup section */

/* Begin PBXNativeTarget section */
		D4D0799C27C66A2200DB8EEF /* ReadingPagesTheUserHasVisited */ = {
			isa = PBXNativeTarget;
			buildConfigurationList = D4D079AB27C66A2600DB8EEF /* Build configuration list for PBXNativeTarget "ReadingPagesTheUserHasVisited" */;
			buildPhases = (
				D4D0799927C66A2200DB8EEF /* Sources */,
				D4D0799A27C66A2200DB8EEF /* Frameworks */,
				D4D0799B27C66A2200DB8EEF /* Resources */,
			);
			buildRules = (
			);
			dependencies = (
			);
			name = ReadingPagesTheUserHasVisited;
			productName = ReadingPagesTheUserHasVisited;
			productReference = D4D0799D27C66A2200DB8EEF /* ReadingPagesTheUserHasVisited.app */;
			productType = "com.apple.product-type.application";
		};
/* End PBXNativeTarget section */

/* Begin PBXProject section */
		D4D0799527C66A2200DB8EEF /* Project object */ = {
			isa = PBXProject;
			attributes = {
				BuildIndependentTargetsInParallel = 1;
				LastSwiftUpdateCheck = 1310;
				LastUpgradeCheck = 1310;
				TargetAttributes = {
					D4D0799C27C66A2200DB8EEF = {
						CreatedOnToolsVersion = 13.1;
					};
				};
			};
			buildConfigurationList = D4D0799827C66A2200DB8EEF /* Build configuration list for PBXProject "ReadingPagesTheUserHasVisited" */;
			compatibilityVersion = "Xcode 13.0";
			developmentRegion = en;
			hasScannedForEncodings = 0;
			knownRegions = (
				en,
				Base,
			);
			mainGroup = D4D0799427C66A2200DB8EEF;
			productRefGroup = D4D0799E27C66A2200DB8EEF /* Products */;
			projectDirPath = "";
			projectRoot = "";
			targets = (
				D4D0799C27C66A2200DB8EEF /* ReadingPagesTheUserHasVisited */,
			);
		};
/* End PBXProject section */

/* Begin PBXResourcesBuildPhase section */
		D4D0799B27C66A2200DB8EEF /* Resources */ = {
			isa = PBXResourcesBuildPhase;
			buildActionMask = 2147483647;
			files = (
				D4D079A827C66A2600DB8EEF /* Preview Assets.xcassets in Resources */,
				D4D079A527C66A2600DB8EEF /* Assets.xcassets in Resources */,
			);
			runOnlyForDeploymentPostprocessing = 0;
		};
/* End PBXResourcesBuildPhase section */

/* Begin PBXSourcesBuildPhase section */
		D4D0799927C66A2200DB8EEF /* Sources */ = {
			isa = PBXSourcesBuildPhase;
			buildActionMask = 2147483647;
			files = (
				D40CCB5027CA0B0200C7BE41 /* ToolBarModifier.swift in Sources */,
				D4647F0627CA297A00A847A6 /* VisitHistoryView.swift in Sources */,
				D4D079A327C66A2200DB8EEF /* ContentView.swift in Sources */,
				D4D079B227C66B3300DB8EEF /* WebView.swift in Sources */,
				D4D079A127C66A2200DB8EEF /* ReadingPagesTheUserHasVisitedApp.swift in Sources */,
				D4D079AF27C66AB200DB8EEF /* WebBaseView.swift in Sources */,
			);
			runOnlyForDeploymentPostprocessing = 0;
		};
/* End PBXSourcesBuildPhase section */

/* Begin XCBuildConfiguration section */
		D4D079A927C66A2600DB8EEF /* Debug */ = {
			isa = XCBuildConfiguration;
			buildSettings = {
				ALWAYS_SEARCH_USER_PATHS = NO;
				CLANG_ANALYZER_NONNULL = YES;
				CLANG_ANALYZER_NUMBER_OBJECT_CONVERSION = YES_AGGRESSIVE;
				CLANG_CXX_LANGUAGE_STANDARD = "gnu++17";
				CLANG_CXX_LIBRARY = "libc++";
				CLANG_ENABLE_MODULES = YES;
				CLANG_ENABLE_OBJC_ARC = YES;
				CLANG_ENABLE_OBJC_WEAK = YES;
				CLANG_WARN_BLOCK_CAPTURE_AUTORELEASING = YES;
				CLANG_WARN_BOOL_CONVERSION = YES;
				CLANG_WARN_COMMA = YES;
				CLANG_WARN_CONSTANT_CONVERSION = YES;
				CLANG_WARN_DEPRECATED_OBJC_IMPLEMENTATIONS = YES;
				CLANG_WARN_DIRECT_OBJC_ISA_USAGE = YES_ERROR;
				CLANG_WARN_DOCUMENTATION_COMMENTS = YES;
				CLANG_WARN_EMPTY_BODY = YES;
				CLANG_WARN_ENUM_CONVERSION = YES;
				CLANG_WARN_INFINITE_RECURSION = YES;
				CLANG_WARN_INT_CONVERSION = YES;
				CLANG_WARN_NON_LITERAL_NULL_CONVERSION = YES;
				CLANG_WARN_OBJC_IMPLICIT_RETAIN_SELF = YES;
				CLANG_WARN_OBJC_LITERAL_CONVERSION = YES;
				CLANG_WARN_OBJC_ROOT_CLASS = YES_ERROR;
				CLANG_WARN_QUOTED_INCLUDE_IN_FRAMEWORK_HEADER = YES;
				CLANG_WARN_RANGE_LOOP_ANALYSIS = YES;
				CLANG_WARN_STRICT_PROTOTYPES = YES;
				CLANG_WARN_SUSPICIOUS_MOVE = YES;
				CLANG_WARN_UNGUARDED_AVAILABILITY = YES_AGGRESSIVE;
				CLANG_WARN_UNREACHABLE_CODE = YES;
				CLANG_WARN__DUPLICATE_METHOD_MATCH = YES;
				COPY_PHASE_STRIP = NO;
				DEBUG_INFORMATION_FORMAT = dwarf;
				ENABLE_STRICT_OBJC_MSGSEND = YES;
				ENABLE_TESTABILITY = YES;
				GCC_C_LANGUAGE_STANDARD = gnu11;
				GCC_DYNAMIC_NO_PIC = NO;
				GCC_NO_COMMON_BLOCKS = YES;
				GCC_OPTIMIZATION_LEVEL = 0;
				GCC_PREPROCESSOR_DEFINITIONS = (
					"DEBUG=1",
					"$(inherited)",
				);
				GCC_WARN_64_TO_32_BIT_CONVERSION = YES;
				GCC_WARN_ABOUT_RETURN_TYPE = YES_ERROR;
				GCC_WARN_UNDECLARED_SELECTOR = YES;
				GCC_WARN_UNINITIALIZED_AUTOS = YES_AGGRESSIVE;
				GCC_WARN_UNUSED_FUNCTION = YES;
				GCC_WARN_UNUSED_VARIABLE = YES;
				IPHONEOS_DEPLOYMENT_TARGET = 15.0;
				MTL_ENABLE_DEBUG_INFO = INCLUDE_SOURCE;
				MTL_FAST_MATH = YES;
				ONLY_ACTIVE_ARCH = YES;
				SDKROOT = iphoneos;
				SWIFT_ACTIVE_COMPILATION_CONDITIONS = DEBUG;
				SWIFT_OPTIMIZATION_LEVEL = "-Onone";
			};
			name = Debug;
		};
		D4D079AA27C66A2600DB8EEF /* Release */ = {
			isa = XCBuildConfiguration;
			buildSettings = {
				ALWAYS_SEARCH_USER_PATHS = NO;
				CLANG_ANALYZER_NONNULL = YES;
				CLANG_ANALYZER_NUMBER_OBJECT_CONVERSION = YES_AGGRESSIVE;
				CLANG_CXX_LANGUAGE_STANDARD = "gnu++17";
				CLANG_CXX_LIBRARY = "libc++";
				CLANG_ENABLE_MODULES = YES;
				CLANG_ENABLE_OBJC_ARC = YES;
				CLANG_ENABLE_OBJC_WEAK = YES;
				CLANG_WARN_BLOCK_CAPTURE_AUTORELEASING = YES;
				CLANG_WARN_BOOL_CONVERSION = YES;
				CLANG_WARN_COMMA = YES;
				CLANG_WARN_CONSTANT_CONVERSION = YES;
				CLANG_WARN_DEPRECATED_OBJC_IMPLEMENTATIONS = YES;
				CLANG_WARN_DIRECT_OBJC_ISA_USAGE = YES_ERROR;
				CLANG_WARN_DOCUMENTATION_COMMENTS = YES;
				CLANG_WARN_EMPTY_BODY = YES;
				CLANG_WARN_ENUM_CONVERSION = YES;
				CLANG_WARN_INFINITE_RECURSION = YES;
				CLANG_WARN_INT_CONVERSION = YES;
				CLANG_WARN_NON_LITERAL_NULL_CONVERSION = YES;
				CLANG_WARN_OBJC_IMPLICIT_RETAIN_SELF = YES;
				CLANG_WARN_OBJC_LITERAL_CONVERSION = YES;
				CLANG_WARN_OBJC_ROOT_CLASS = YES_ERROR;
				CLANG_WARN_QUOTED_INCLUDE_IN_FRAMEWORK_HEADER = YES;
				CLANG_WARN_RANGE_LOOP_ANALYSIS = YES;
				CLANG_WARN_STRICT_PROTOTYPES = YES;
				CLANG_WARN_SUSPICIOUS_MOVE = YES;
				CLANG_WARN_UNGUARDED_AVAILABILITY = YES_AGGRESSIVE;
				CLANG_WARN_UNREACHABLE_CODE = YES;
				CLANG_WARN__DUPLICATE_METHOD_MATCH = YES;
				COPY_PHASE_STRIP = NO;
				DEBUG_INFORMATION_FORMAT = "dwarf-with-dsym";
				ENABLE_NS_ASSERTIONS = NO;
				ENABLE_STRICT_OBJC_MSGSEND = YES;
				GCC_C_LANGUAGE_STANDARD = gnu11;
				GCC_NO_COMMON_BLOCKS = YES;
				GCC_WARN_64_TO_32_BIT_CONVERSION = YES;
				GCC_WARN_ABOUT_RETURN_TYPE = YES_ERROR;
				GCC_WARN_UNDECLARED_SELECTOR = YES;
				GCC_WARN_UNINITIALIZED_AUTOS = YES_AGGRESSIVE;
				GCC_WARN_UNUSED_FUNCTION = YES;
				GCC_WARN_UNUSED_VARIABLE = YES;
				IPHONEOS_DEPLOYMENT_TARGET = 15.0;
				MTL_ENABLE_DEBUG_INFO = NO;
				MTL_FAST_MATH = YES;
				SDKROOT = iphoneos;
				SWIFT_COMPILATION_MODE = wholemodule;
				SWIFT_OPTIMIZATION_LEVEL = "-O";
				VALIDATE_PRODUCT = YES;
			};
			name = Release;
		};
		D4D079AC27C66A2600DB8EEF /* Debug */ = {
			isa = XCBuildConfiguration;
			buildSettings = {
				ASSETCATALOG_COMPILER_APPICON_NAME = AppIcon;
				ASSETCATALOG_COMPILER_GLOBAL_ACCENT_COLOR_NAME = AccentColor;
				CODE_SIGN_STYLE = Automatic;
				CURRENT_PROJECT_VERSION = 1;
				DEVELOPMENT_ASSET_PATHS = "\"ReadingPagesTheUserHasVisited/Preview Content\"";
				DEVELOPMENT_TEAM = 95L82PNXV3;
				ENABLE_PREVIEWS = YES;
				GENERATE_INFOPLIST_FILE = YES;
				INFOPLIST_KEY_UIApplicationSceneManifest_Generation = YES;
				INFOPLIST_KEY_UIApplicationSupportsIndirectInputEvents = YES;
				INFOPLIST_KEY_UILaunchScreen_Generation = YES;
				INFOPLIST_KEY_UISupportedInterfaceOrientations_iPad = "UIInterfaceOrientationPortrait UIInterfaceOrientationPortraitUpsideDown UIInterfaceOrientationLandscapeLeft UIInterfaceOrientationLandscapeRight";
				INFOPLIST_KEY_UISupportedInterfaceOrientations_iPhone = "UIInterfaceOrientationPortrait UIInterfaceOrientationLandscapeLeft UIInterfaceOrientationLandscapeRight";
				LD_RUNPATH_SEARCH_PATHS = (
					"$(inherited)",
					"@executable_path/Frameworks",
				);
				MARKETING_VERSION = 1.0;
				PRODUCT_BUNDLE_IDENTIFIER = jp.kamimi01.ReadingPagesTheUserHasVisited;
				PRODUCT_NAME = "$(TARGET_NAME)";
				SWIFT_EMIT_LOC_STRINGS = YES;
				SWIFT_VERSION = 5.0;
				TARGETED_DEVICE_FAMILY = "1,2";
			};
			name = Debug;
		};
		D4D079AD27C66A2600DB8EEF /* Release */ = {
			isa = XCBuildConfiguration;
			buildSettings = {
				ASSETCATALOG_COMPILER_APPICON_NAME = AppIcon;
				ASSETCATALOG_COMPILER_GLOBAL_ACCENT_COLOR_NAME = AccentColor;
				CODE_SIGN_STYLE = Automatic;
				CURRENT_PROJECT_VERSION = 1;
				DEVELOPMENT_ASSET_PATHS = "\"ReadingPagesTheUserHasVisited/Preview Content\"";
				DEVELOPMENT_TEAM = 95L82PNXV3;
				ENABLE_PREVIEWS = YES;
				GENERATE_INFOPLIST_FILE = YES;
				INFOPLIST_KEY_UIApplicationSceneManifest_Generation = YES;
				INFOPLIST_KEY_UIApplicationSupportsIndirectInputEvents = YES;
				INFOPLIST_KEY_UILaunchScreen_Generation = YES;
				INFOPLIST_KEY_UISupportedInterfaceOrientations_iPad = "UIInterfaceOrientationPortrait UIInterfaceOrientationPortraitUpsideDown UIInterfaceOrientationLandscapeLeft UIInterfaceOrientationLandscapeRight";
				INFOPLIST_KEY_UISupportedInterfaceOrientations_iPhone = "UIInterfaceOrientationPortrait UIInterfaceOrientationLandscapeLeft UIInterfaceOrientationLandscapeRight";
				LD_RUNPATH_SEARCH_PATHS = (
					"$(inherited)",
					"@executable_path/Frameworks",
				);
				MARKETING_VERSION = 1.0;
				PRODUCT_BUNDLE_IDENTIFIER = jp.kamimi01.ReadingPagesTheUserHasVisited;
				PRODUCT_NAME = "$(TARGET_NAME)";
				SWIFT_EMIT_LOC_STRINGS = YES;
				SWIFT_VERSION = 5.0;
				TARGETED_DEVICE_FAMILY = "1,2";
			};
			name = Release;
		};
/* End XCBuildConfiguration section */

/* Begin XCConfigurationList section */
		D4D0799827C66A2200DB8EEF /* Build configuration list for PBXProject "ReadingPagesTheUserHasVisited" */ = {
			isa = XCConfigurationList;
			buildConfigurations = (
				D4D079A927C66A2600DB8EEF /* Debug */,
				D4D079AA27C66A2600DB8EEF /* Release */,
			);
			defaultConfigurationIsVisible = 0;
			defaultConfigurationName = Release;
		};
		D4D079AB27C66A2600DB8EEF /* Build configuration list for PBXNativeTarget "ReadingPagesTheUserHasVisited" */ = {
			isa = XCConfigurationList;
			buildConfigurations = (
				D4D079AC27C66A2600DB8EEF /* Debug */,
				D4D079AD27C66A2600DB8EEF /* Release */,
			);
			defaultConfigurationIsVisible = 0;
			defaultConfigurationName = Release;
		};
/* End XCConfigurationList section */
	};
	rootObject = D4D0799527C66A2200DB8EEF /* Project object */;
}
