// !$*UTF8*$!
{
	archiveVersion = 1;
	classes = {
	};
	objectVersion = 55;
	objects = {

/* Begin PBXBuildFile section */
		D4A5EB7027E2B58700F7CE96 /* ProvidingACustomUserAgentApp.swift in Sources */ = {isa = PBXBuildFile; fileRef = D4A5EB6F27E2B58700F7CE96 /* ProvidingACustomUserAgentApp.swift */; };
		D4A5EB7227E2B58700F7CE96 /* ContentView.swift in Sources */ = {isa = PBXBuildFile; fileRef = D4A5EB7127E2B58700F7CE96 /* ContentView.swift */; };
		D4A5EB7427E2B58B00F7CE96 /* Assets.xcassets in Resources */ = {isa = PBXBuildFile; fileRef = D4A5EB7327E2B58B00F7CE96 /* Assets.xcassets */; };
		D4A5EB7727E2B58B00F7CE96 /* Preview Assets.xcassets in Resources */ = {isa = PBXBuildFile; fileRef = D4A5EB7627E2B58B00F7CE96 /* Preview Assets.xcassets */; };
		D4A5EB7E27E2B59E00F7CE96 /* WebView.swift in Sources */ = {isa = PBXBuildFile; fileRef = D4A5EB7D27E2B59E00F7CE96 /* WebView.swift */; };
		D4A5EB8027E2BEF700F7CE96 /* WebViewWithSuffixCustomUA.swift in Sources */ = {isa = PBXBuildFile; fileRef = D4A5EB7F27E2BEF700F7CE96 /* WebViewWithSuffixCustomUA.swift */; };
/* End PBXBuildFile section */

/* Begin PBXFileReference section */
		D4A5EB6C27E2B58700F7CE96 /* ProvidingACustomUserAgent.app */ = {isa = PBXFileReference; explicitFileType = wrapper.application; includeInIndex = 0; path = ProvidingACustomUserAgent.app; sourceTree = BUILT_PRODUCTS_DIR; };
		D4A5EB6F27E2B58700F7CE96 /* ProvidingACustomUserAgentApp.swift */ = {isa = PBXFileReference; lastKnownFileType = sourcecode.swift; path = ProvidingACustomUserAgentApp.swift; sourceTree = "<group>"; };
		D4A5EB7127E2B58700F7CE96 /* ContentView.swift */ = {isa = PBXFileReference; lastKnownFileType = sourcecode.swift; path = ContentView.swift; sourceTree = "<group>"; };
		D4A5EB7327E2B58B00F7CE96 /* Assets.xcassets */ = {isa = PBXFileReference; lastKnownFileType = folder.assetcatalog; path = Assets.xcassets; sourceTree = "<group>"; };
		D4A5EB7627E2B58B00F7CE96 /* Preview Assets.xcassets */ = {isa = PBXFileReference; lastKnownFileType = folder.assetcatalog; path = "Preview Assets.xcassets"; sourceTree = "<group>"; };
		D4A5EB7D27E2B59E00F7CE96 /* WebView.swift */ = {isa = PBXFileReference; lastKnownFileType = sourcecode.swift; path = WebView.swift; sourceTree = "<group>"; };
		D4A5EB7F27E2BEF700F7CE96 /* WebViewWithSuffixCustomUA.swift */ = {isa = PBXFileReference; lastKnownFileType = sourcecode.swift; path = WebViewWithSuffixCustomUA.swift; sourceTree = "<group>"; };
/* End PBXFileReference section */

/* Begin PBXFrameworksBuildPhase section */
		D4A5EB6927E2B58700F7CE96 /* Frameworks */ = {
			isa = PBXFrameworksBuildPhase;
			buildActionMask = 2147483647;
			files = (
			);
			runOnlyForDeploymentPostprocessing = 0;
		};
/* End PBXFrameworksBuildPhase section */

/* Begin PBXGroup section */
		D4A5EB6327E2B58700F7CE96 = {
			isa = PBXGroup;
			children = (
				D4A5EB6E27E2B58700F7CE96 /* ProvidingACustomUserAgent */,
				D4A5EB6D27E2B58700F7CE96 /* Products */,
			);
			sourceTree = "<group>";
		};
		D4A5EB6D27E2B58700F7CE96 /* Products */ = {
			isa = PBXGroup;
			children = (
				D4A5EB6C27E2B58700F7CE96 /* ProvidingACustomUserAgent.app */,
			);
			name = Products;
			sourceTree = "<group>";
		};
		D4A5EB6E27E2B58700F7CE96 /* ProvidingACustomUserAgent */ = {
			isa = PBXGroup;
			children = (
				D4A5EB6F27E2B58700F7CE96 /* ProvidingACustomUserAgentApp.swift */,
				D4A5EB7127E2B58700F7CE96 /* ContentView.swift */,
				D4A5EB7327E2B58B00F7CE96 /* Assets.xcassets */,
				D4A5EB7527E2B58B00F7CE96 /* Preview Content */,
				D4A5EB7D27E2B59E00F7CE96 /* WebView.swift */,
				D4A5EB7F27E2BEF700F7CE96 /* WebViewWithSuffixCustomUA.swift */,
			);
			path = ProvidingACustomUserAgent;
			sourceTree = "<group>";
		};
		D4A5EB7527E2B58B00F7CE96 /* Preview Content */ = {
			isa = PBXGroup;
			children = (
				D4A5EB7627E2B58B00F7CE96 /* Preview Assets.xcassets */,
			);
			path = "Preview Content";
			sourceTree = "<group>";
		};
/* End PBXGroup section */

/* Begin PBXNativeTarget section */
		D4A5EB6B27E2B58700F7CE96 /* ProvidingACustomUserAgent */ = {
			isa = PBXNativeTarget;
			buildConfigurationList = D4A5EB7A27E2B58B00F7CE96 /* Build configuration list for PBXNativeTarget "ProvidingACustomUserAgent" */;
			buildPhases = (
				D4A5EB6827E2B58700F7CE96 /* Sources */,
				D4A5EB6927E2B58700F7CE96 /* Frameworks */,
				D4A5EB6A27E2B58700F7CE96 /* Resources */,
			);
			buildRules = (
			);
			dependencies = (
			);
			name = ProvidingACustomUserAgent;
			productName = ProvidingACustomUserAgent;
			productReference = D4A5EB6C27E2B58700F7CE96 /* ProvidingACustomUserAgent.app */;
			productType = "com.apple.product-type.application";
		};
/* End PBXNativeTarget section */

/* Begin PBXProject section */
		D4A5EB6427E2B58700F7CE96 /* Project object */ = {
			isa = PBXProject;
			attributes = {
				BuildIndependentTargetsInParallel = 1;
				LastSwiftUpdateCheck = 1310;
				LastUpgradeCheck = 1310;
				TargetAttributes = {
					D4A5EB6B27E2B58700F7CE96 = {
						CreatedOnToolsVersion = 13.1;
					};
				};
			};
			buildConfigurationList = D4A5EB6727E2B58700F7CE96 /* Build configuration list for PBXProject "ProvidingACustomUserAgent" */;
			compatibilityVersion = "Xcode 13.0";
			developmentRegion = en;
			hasScannedForEncodings = 0;
			knownRegions = (
				en,
				Base,
			);
			mainGroup = D4A5EB6327E2B58700F7CE96;
			productRefGroup = D4A5EB6D27E2B58700F7CE96 /* Products */;
			projectDirPath = "";
			projectRoot = "";
			targets = (
				D4A5EB6B27E2B58700F7CE96 /* ProvidingACustomUserAgent */,
			);
		};
/* End PBXProject section */

/* Begin PBXResourcesBuildPhase section */
		D4A5EB6A27E2B58700F7CE96 /* Resources */ = {
			isa = PBXResourcesBuildPhase;
			buildActionMask = 2147483647;
			files = (
				D4A5EB7727E2B58B00F7CE96 /* Preview Assets.xcassets in Resources */,
				D4A5EB7427E2B58B00F7CE96 /* Assets.xcassets in Resources */,
			);
			runOnlyForDeploymentPostprocessing = 0;
		};
/* End PBXResourcesBuildPhase section */

/* Begin PBXSourcesBuildPhase section */
		D4A5EB6827E2B58700F7CE96 /* Sources */ = {
			isa = PBXSourcesBuildPhase;
			buildActionMask = 2147483647;
			files = (
				D4A5EB7E27E2B59E00F7CE96 /* WebView.swift in Sources */,
				D4A5EB8027E2BEF700F7CE96 /* WebViewWithSuffixCustomUA.swift in Sources */,
				D4A5EB7227E2B58700F7CE96 /* ContentView.swift in Sources */,
				D4A5EB7027E2B58700F7CE96 /* ProvidingACustomUserAgentApp.swift in Sources */,
			);
			runOnlyForDeploymentPostprocessing = 0;
		};
/* End PBXSourcesBuildPhase section */

/* Begin XCBuildConfiguration section */
		D4A5EB7827E2B58B00F7CE96 /* Debug */ = {
			isa = XCBuildConfiguration;
			buildSettings = {
				ALWAYS_SEARCH_USER_PATHS = NO;
				CLANG_ANALYZER_NONNULL = YES;
				CLANG_ANALYZER_NUMBER_OBJECT_CONVERSION = YES_AGGRESSIVE;
				CLANG_CXX_LANGUAGE_STANDARD = "gnu++17";
				CLANG_CXX_LIBRARY = "libc++";
				CLANG_ENABLE_MODULES = YES;
				CLANG_ENABLE_OBJC_ARC = YES;
				CLANG_ENABLE_OBJC_WEAK = YES;
				CLANG_WARN_BLOCK_CAPTURE_AUTORELEASING = YES;
				CLANG_WARN_BOOL_CONVERSION = YES;
				CLANG_WARN_COMMA = YES;
				CLANG_WARN_CONSTANT_CONVERSION = YES;
				CLANG_WARN_DEPRECATED_OBJC_IMPLEMENTATIONS = YES;
				CLANG_WARN_DIRECT_OBJC_ISA_USAGE = YES_ERROR;
				CLANG_WARN_DOCUMENTATION_COMMENTS = YES;
				CLANG_WARN_EMPTY_BODY = YES;
				CLANG_WARN_ENUM_CONVERSION = YES;
				CLANG_WARN_INFINITE_RECURSION = YES;
				CLANG_WARN_INT_CONVERSION = YES;
				CLANG_WARN_NON_LITERAL_NULL_CONVERSION = YES;
				CLANG_WARN_OBJC_IMPLICIT_RETAIN_SELF = YES;
				CLANG_WARN_OBJC_LITERAL_CONVERSION = YES;
				CLANG_WARN_OBJC_ROOT_CLASS = YES_ERROR;
				CLANG_WARN_QUOTED_INCLUDE_IN_FRAMEWORK_HEADER = YES;
				CLANG_WARN_RANGE_LOOP_ANALYSIS = YES;
				CLANG_WARN_STRICT_PROTOTYPES = YES;
				CLANG_WARN_SUSPICIOUS_MOVE = YES;
				CLANG_WARN_UNGUARDED_AVAILABILITY = YES_AGGRESSIVE;
				CLANG_WARN_UNREACHABLE_CODE = YES;
				CLANG_WARN__DUPLICATE_METHOD_MATCH = YES;
				COPY_PHASE_STRIP = NO;
				DEBUG_INFORMATION_FORMAT = dwarf;
				ENABLE_STRICT_OBJC_MSGSEND = YES;
				ENABLE_TESTABILITY = YES;
				GCC_C_LANGUAGE_STANDARD = gnu11;
				GCC_DYNAMIC_NO_PIC = NO;
				GCC_NO_COMMON_BLOCKS = YES;
				GCC_OPTIMIZATION_LEVEL = 0;
				GCC_PREPROCESSOR_DEFINITIONS = (
					"DEBUG=1",
					"$(inherited)",
				);
				GCC_WARN_64_TO_32_BIT_CONVERSION = YES;
				GCC_WARN_ABOUT_RETURN_TYPE = YES_ERROR;
				GCC_WARN_UNDECLARED_SELECTOR = YES;
				GCC_WARN_UNINITIALIZED_AUTOS = YES_AGGRESSIVE;
				GCC_WARN_UNUSED_FUNCTION = YES;
				GCC_WARN_UNUSED_VARIABLE = YES;
				IPHONEOS_DEPLOYMENT_TARGET = 15.0;
				MTL_ENABLE_DEBUG_INFO = INCLUDE_SOURCE;
				MTL_FAST_MATH = YES;
				ONLY_ACTIVE_ARCH = YES;
				SDKROOT = iphoneos;
				SWIFT_ACTIVE_COMPILATION_CONDITIONS = DEBUG;
				SWIFT_OPTIMIZATION_LEVEL = "-Onone";
			};
			name = Debug;
		};
		D4A5EB7927E2B58B00F7CE96 /* Release */ = {
			isa = XCBuildConfiguration;
			buildSettings = {
				ALWAYS_SEARCH_USER_PATHS = NO;
				CLANG_ANALYZER_NONNULL = YES;
				CLANG_ANALYZER_NUMBER_OBJECT_CONVERSION = YES_AGGRESSIVE;
				CLANG_CXX_LANGUAGE_STANDARD = "gnu++17";
				CLANG_CXX_LIBRARY = "libc++";
				CLANG_ENABLE_MODULES = YES;
				CLANG_ENABLE_OBJC_ARC = YES;
				CLANG_ENABLE_OBJC_WEAK = YES;
				CLANG_WARN_BLOCK_CAPTURE_AUTORELEASING = YES;
				CLANG_WARN_BOOL_CONVERSION = YES;
				CLANG_WARN_COMMA = YES;
				CLANG_WARN_CONSTANT_CONVERSION = YES;
				CLANG_WARN_DEPRECATED_OBJC_IMPLEMENTATIONS = YES;
				CLANG_WARN_DIRECT_OBJC_ISA_USAGE = YES_ERROR;
				CLANG_WARN_DOCUMENTATION_COMMENTS = YES;
				CLANG_WARN_EMPTY_BODY = YES;
				CLANG_WARN_ENUM_CONVERSION = YES;
				CLANG_WARN_INFINITE_RECURSION = YES;
				CLANG_WARN_INT_CONVERSION = YES;
				CLANG_WARN_NON_LITERAL_NULL_CONVERSION = YES;
				CLANG_WARN_OBJC_IMPLICIT_RETAIN_SELF = YES;
				CLANG_WARN_OBJC_LITERAL_CONVERSION = YES;
				CLANG_WARN_OBJC_ROOT_CLASS = YES_ERROR;
				CLANG_WARN_QUOTED_INCLUDE_IN_FRAMEWORK_HEADER = YES;
				CLANG_WARN_RANGE_LOOP_ANALYSIS = YES;
				CLANG_WARN_STRICT_PROTOTYPES = YES;
				CLANG_WARN_SUSPICIOUS_MOVE = YES;
				CLANG_WARN_UNGUARDED_AVAILABILITY = YES_AGGRESSIVE;
				CLANG_WARN_UNREACHABLE_CODE = YES;
				CLANG_WARN__DUPLICATE_METHOD_MATCH = YES;
				COPY_PHASE_STRIP = NO;
				DEBUG_INFORMATION_FORMAT = "dwarf-with-dsym";
				ENABLE_NS_ASSERTIONS = NO;
				ENABLE_STRICT_OBJC_MSGSEND = YES;
				GCC_C_LANGUAGE_STANDARD = gnu11;
				GCC_NO_COMMON_BLOCKS = YES;
				GCC_WARN_64_TO_32_BIT_CONVERSION = YES;
				GCC_WARN_ABOUT_RETURN_TYPE = YES_ERROR;
				GCC_WARN_UNDECLARED_SELECTOR = YES;
				GCC_WARN_UNINITIALIZED_AUTOS = YES_AGGRESSIVE;
				GCC_WARN_UNUSED_FUNCTION = YES;
				GCC_WARN_UNUSED_VARIABLE = YES;
				IPHONEOS_DEPLOYMENT_TARGET = 15.0;
				MTL_ENABLE_DEBUG_INFO = NO;
				MTL_FAST_MATH = YES;
				SDKROOT = iphoneos;
				SWIFT_COMPILATION_MODE = wholemodule;
				SWIFT_OPTIMIZATION_LEVEL = "-O";
				VALIDATE_PRODUCT = YES;
			};
			name = Release;
		};
		D4A5EB7B27E2B58B00F7CE96 /* Debug */ = {
			isa = XCBuildConfiguration;
			buildSettings = {
				ASSETCATALOG_COMPILER_APPICON_NAME = AppIcon;
				ASSETCATALOG_COMPILER_GLOBAL_ACCENT_COLOR_NAME = AccentColor;
				CODE_SIGN_STYLE = Automatic;
				CURRENT_PROJECT_VERSION = 1;
				DEVELOPMENT_ASSET_PATHS = "\"ProvidingACustomUserAgent/Preview Content\"";
				DEVELOPMENT_TEAM = 95L82PNXV3;
				ENABLE_PREVIEWS = YES;
				GENERATE_INFOPLIST_FILE = YES;
				INFOPLIST_KEY_UIApplicationSceneManifest_Generation = YES;
				INFOPLIST_KEY_UIApplicationSupportsIndirectInputEvents = YES;
				INFOPLIST_KEY_UILaunchScreen_Generation = YES;
				INFOPLIST_KEY_UISupportedInterfaceOrientations_iPad = "UIInterfaceOrientationPortrait UIInterfaceOrientationPortraitUpsideDown UIInterfaceOrientationLandscapeLeft UIInterfaceOrientationLandscapeRight";
				INFOPLIST_KEY_UISupportedInterfaceOrientations_iPhone = "UIInterfaceOrientationPortrait UIInterfaceOrientationLandscapeLeft UIInterfaceOrientationLandscapeRight";
				LD_RUNPATH_SEARCH_PATHS = (
					"$(inherited)",
					"@executable_path/Frameworks",
				);
				MARKETING_VERSION = 1.0;
				PRODUCT_BUNDLE_IDENTIFIER = jp.kamimi01.ProvidingACustomUserAgent;
				PRODUCT_NAME = "$(TARGET_NAME)";
				SWIFT_EMIT_LOC_STRINGS = YES;
				SWIFT_VERSION = 5.0;
				TARGETED_DEVICE_FAMILY = "1,2";
			};
			name = Debug;
		};
		D4A5EB7C27E2B58B00F7CE96 /* Release */ = {
			isa = XCBuildConfiguration;
			buildSettings = {
				ASSETCATALOG_COMPILER_APPICON_NAME = AppIcon;
				ASSETCATALOG_COMPILER_GLOBAL_ACCENT_COLOR_NAME = AccentColor;
				CODE_SIGN_STYLE = Automatic;
				CURRENT_PROJECT_VERSION = 1;
				DEVELOPMENT_ASSET_PATHS = "\"ProvidingACustomUserAgent/Preview Content\"";
				DEVELOPMENT_TEAM = 95L82PNXV3;
				ENABLE_PREVIEWS = YES;
				GENERATE_INFOPLIST_FILE = YES;
				INFOPLIST_KEY_UIApplicationSceneManifest_Generation = YES;
				INFOPLIST_KEY_UIApplicationSupportsIndirectInputEvents = YES;
				INFOPLIST_KEY_UILaunchScreen_Generation = YES;
				INFOPLIST_KEY_UISupportedInterfaceOrientations_iPad = "UIInterfaceOrientationPortrait UIInterfaceOrientationPortraitUpsideDown UIInterfaceOrientationLandscapeLeft UIInterfaceOrientationLandscapeRight";
				INFOPLIST_KEY_UISupportedInterfaceOrientations_iPhone = "UIInterfaceOrientationPortrait UIInterfaceOrientationLandscapeLeft UIInterfaceOrientationLandscapeRight";
				LD_RUNPATH_SEARCH_PATHS = (
					"$(inherited)",
					"@executable_path/Frameworks",
				);
				MARKETING_VERSION = 1.0;
				PRODUCT_BUNDLE_IDENTIFIER = jp.kamimi01.ProvidingACustomUserAgent;
				PRODUCT_NAME = "$(TARGET_NAME)";
				SWIFT_EMIT_LOC_STRINGS = YES;
				SWIFT_VERSION = 5.0;
				TARGETED_DEVICE_FAMILY = "1,2";
			};
			name = Release;
		};
/* End XCBuildConfiguration section */

/* Begin XCConfigurationList section */
		D4A5EB6727E2B58700F7CE96 /* Build configuration list for PBXProject "ProvidingACustomUserAgent" */ = {
			isa = XCConfigurationList;
			buildConfigurations = (
				D4A5EB7827E2B58B00F7CE96 /* Debug */,
				D4A5EB7927E2B58B00F7CE96 /* Release */,
			);
			defaultConfigurationIsVisible = 0;
			defaultConfigurationName = Release;
		};
		D4A5EB7A27E2B58B00F7CE96 /* Build configuration list for PBXNativeTarget "ProvidingACustomUserAgent" */ = {
			isa = XCConfigurationList;
			buildConfigurations = (
				D4A5EB7B27E2B58B00F7CE96 /* Debug */,
				D4A5EB7C27E2B58B00F7CE96 /* Release */,
			);
			defaultConfigurationIsVisible = 0;
			defaultConfigurationName = Release;
		};
/* End XCConfigurationList section */
	};
	rootObject = D4A5EB6427E2B58700F7CE96 /* Project object */;
}
